
Microsoft Visual Studio Solution File, Format Version 12.00
# Visual Studio Version 16
VisualStudioVersion = 16.0.28606.126
MinimumVisualStudioVersion = 10.0.40219.1
Project("{FAE04EC0-301F-11D3-BF4B-00C04F79EFBC}") = "Moudou.TextWriter", "Moudou.TextWriter\Moudou.TextWriter.csproj", "{92E01433-6E52-47EE-BA46-DC974A16DAD6}"
EndProject
Project("{FAE04EC0-301F-11D3-BF4B-00C04F79EFBC}") = "Moudou.LogWriterSample", "Moudou.LogWriterSample\Moudou.LogWriterSample.csproj", "{A020E57B-E97E-4EDB-8097-49BA1BABE046}"
EndProject
Global
	GlobalSection(SolutionConfigurationPlatforms) = preSolution
		Debug|Any CPU = Debug|Any CPU
		Release|Any CPU = Release|Any CPU
	EndGlobalSection
	GlobalSection(ProjectConfigurationPlatforms) = postSolution
		{92E01433-6E52-47EE-BA46-DC974A16DAD6}.Debug|Any CPU.ActiveCfg = Debug|Any CPU
		{92E01433-6E52-47EE-BA46-DC974A16DAD6}.Debug|Any CPU.Build.0 = Debug|Any CPU
		{92E01433-6E52-47EE-BA46-DC974A16DAD6}.Release|Any CPU.ActiveCfg = Release|Any CPU
		{92E01433-6E52-47EE-BA46-DC974A16DAD6}.Release|Any CPU.Build.0 = Release|Any CPU
		{A020E57B-E97E-4EDB-8097-49BA1BABE046}.Debug|Any CPU.ActiveCfg = Debug|Any CPU
		{A020E57B-E97E-4EDB-8097-49BA1BABE046}.Debug|Any CPU.Build.0 = Debug|Any CPU
		{A020E57B-E97E-4EDB-8097-49BA1BABE046}.Release|Any CPU.ActiveCfg = Release|Any CPU
		{A020E57B-E97E-4EDB-8097-49BA1BABE046}.Release|Any CPU.Build.0 = Release|Any CPU
	EndGlobalSection
	GlobalSection(SolutionProperties) = preSolution
		HideSolutionNode = FALSE
	EndGlobalSection
	GlobalSection(ExtensibilityGlobals) = postSolution
		SolutionGuid = {35172213-31E6-4398-BA2F-05B4517D00EC}
	EndGlobalSection
EndGlobal
